github.com/aymanbagabas/go-osc52/v2 v2.0.0 h1:dQFJfwsEWDXyXqui4j24o4Zh3kAC0l2BuzgN4/0GtEc=
github.com/aymanbagabas/go-osc52/v2 v2.0.0/go.mod h1:uYgXzlJ7ZpABp8OJ+exZzJJhRNQ2ASbcXHWsFqH8hp8=
github.com/muesli/mango v0.2.0 h1:iNNc0c5VLQ6fsMgAqGQofByNUBH2Q2nEbD6TaI+5yyQ=
github.com/muesli/mango v0.2.0/go.mod h1:5XFpbC8jY5UUv89YQciiXNlbi+iJgt29VDC5xbzrLL4=
github.com/muesli/mango-pflag v0.1.0 h1:UADqbYgpUyRoBja3g6LUL+3LErjpsOwaC9ywvBWe7Sg=
github.com/muesli/mango-pflag v0.1.0/go.mod h1:YEQomTxaCUp8PrbhFh10UfbhbQrM/xJ4i2PB8VTLLW0=
github.com/muesli/roff v0.1.0 h1:YD0lalCotmYuF5HhZliKWlIx7IEhiXeSfq7hNjFqGF8=
github.com/muesli/roff v0.1.0/go.mod h1:pjAHQM9hdUUwm/krAfrLGgJkXJ+YuhtsfZ42kieB2Ig=
github.com/spf13/pflag v1.0.5 h1:iy+VFUOCP1a+8yFto/drg2CJ5u0yRoB7fZw3DKv/JXA=
github.com/spf13/pflag v1.0.5/go.mod h1:McXfInJRrz4CZXVZOBLb0bTZqETkiAhM9Iw0y3An2Bg=
